
Microsoft Visual Studio Solution File, Format Version 12.00
# Visual Studio Version 17
VisualStudioVersion = 17.3.32929.385
MinimumVisualStudioVersion = 10.0.40219.1
Project("{FAE04EC0-301F-11D3-BF4B-00C04F79EFBC}") = "Note-Taking-App_API", "Note-Taking-App_API\Note-Taking-App_API.csproj", "{6C584DDB-5F1E-418F-8CA1-7FE2CAE66101}"
EndProject
Global
	GlobalSection(SolutionConfigurationPlatforms) = preSolution
		Debug|Any CPU = Debug|Any CPU
		Release|Any CPU = Release|Any CPU
	EndGlobalSection
	GlobalSection(ProjectConfigurationPlatforms) = postSolution
		{6C584DDB-5F1E-418F-8CA1-7FE2CAE66101}.Debug|Any CPU.ActiveCfg = Debug|Any CPU
		{6C584DDB-5F1E-418F-8CA1-7FE2CAE66101}.Debug|Any CPU.Build.0 = Debug|Any CPU
		{6C584DDB-5F1E-418F-8CA1-7FE2CAE66101}.Release|Any CPU.ActiveCfg = Release|Any CPU
		{6C584DDB-5F1E-418F-8CA1-7FE2CAE66101}.Release|Any CPU.Build.0 = Release|Any CPU
	EndGlobalSection
	GlobalSection(SolutionProperties) = preSolution
		HideSolutionNode = FALSE
	EndGlobalSection
	GlobalSection(ExtensibilityGlobals) = postSolution
		SolutionGuid = {4E1A4E00-02BD-497D-9BD7-62E504075F6D}
	EndGlobalSection
EndGlobal
